
Microsoft Visual Studio Solution File, Format Version 12.00
# Visual Studio Version 16
VisualStudioVersion = 16.0.30114.105
MinimumVisualStudioVersion = 10.0.40219.1
Project("{FAE04EC0-301F-11D3-BF4B-00C04F79EFBC}") = "StringLibrary", "StringLibrary\StringLibrary.csproj", "{5CB1559A-2DEC-49F9-B4B0-87024F5A2F25}"
EndProject
Project("{FAE04EC0-301F-11D3-BF4B-00C04F79EFBC}") = "ShowCase", "ShowCase\ShowCase.csproj", "{192F8564-7A0E-4FD6-97C4-082A713727D5}"
EndProject
Global
	GlobalSection(SolutionConfigurationPlatforms) = preSolution
		Debug|Any CPU = Debug|Any CPU
		Release|Any CPU = Release|Any CPU
	EndGlobalSection
	GlobalSection(SolutionProperties) = preSolution
		HideSolutionNode = FALSE
	EndGlobalSection
	GlobalSection(ProjectConfigurationPlatforms) = postSolution
		{5CB1559A-2DEC-49F9-B4B0-87024F5A2F25}.Debug|Any CPU.ActiveCfg = Debug|Any CPU
		{5CB1559A-2DEC-49F9-B4B0-87024F5A2F25}.Debug|Any CPU.Build.0 = Debug|Any CPU
		{5CB1559A-2DEC-49F9-B4B0-87024F5A2F25}.Release|Any CPU.ActiveCfg = Release|Any CPU
		{5CB1559A-2DEC-49F9-B4B0-87024F5A2F25}.Release|Any CPU.Build.0 = Release|Any CPU
		{192F8564-7A0E-4FD6-97C4-082A713727D5}.Debug|Any CPU.ActiveCfg = Debug|Any CPU
		{192F8564-7A0E-4FD6-97C4-082A713727D5}.Debug|Any CPU.Build.0 = Debug|Any CPU
		{192F8564-7A0E-4FD6-97C4-082A713727D5}.Release|Any CPU.ActiveCfg = Release|Any CPU
		{192F8564-7A0E-4FD6-97C4-082A713727D5}.Release|Any CPU.Build.0 = Release|Any CPU
	EndGlobalSection
EndGlobal
