
Microsoft Visual Studio Solution File, Format Version 12.00
# Visual Studio Version 17
VisualStudioVersion = 17.2.32516.85
MinimumVisualStudioVersion = 10.0.40219.1
Project("{9A19103F-16F7-4668-BE54-9A1E7A4F7556}") = "Movies", "Movies\Movies.csproj", "{8A11A85D-298A-42F4-BE8E-C9D53DA5CB92}"
EndProject
Project("{9A19103F-16F7-4668-BE54-9A1E7A4F7556}") = "MovieConsole", "MovieConsole\MovieConsole.csproj", "{2E19B608-F6F2-4A23-BA72-48491CF03389}"
EndProject
Project("{9A19103F-16F7-4668-BE54-9A1E7A4F7556}") = "MoviesWebApi", "MoviesWebApi\MoviesWebApi.csproj", "{93440385-D788-4E38-B238-A2CE578ABB67}"
EndProject
Global
	GlobalSection(SolutionConfigurationPlatforms) = preSolution
		Debug|Any CPU = Debug|Any CPU
		Release|Any CPU = Release|Any CPU
	EndGlobalSection
	GlobalSection(ProjectConfigurationPlatforms) = postSolution
		{8A11A85D-298A-42F4-BE8E-C9D53DA5CB92}.Debug|Any CPU.ActiveCfg = Debug|Any CPU
		{8A11A85D-298A-42F4-BE8E-C9D53DA5CB92}.Debug|Any CPU.Build.0 = Debug|Any CPU
		{8A11A85D-298A-42F4-BE8E-C9D53DA5CB92}.Release|Any CPU.ActiveCfg = Release|Any CPU
		{8A11A85D-298A-42F4-BE8E-C9D53DA5CB92}.Release|Any CPU.Build.0 = Release|Any CPU
		{2E19B608-F6F2-4A23-BA72-48491CF03389}.Debug|Any CPU.ActiveCfg = Debug|Any CPU
		{2E19B608-F6F2-4A23-BA72-48491CF03389}.Debug|Any CPU.Build.0 = Debug|Any CPU
		{2E19B608-F6F2-4A23-BA72-48491CF03389}.Release|Any CPU.ActiveCfg = Release|Any CPU
		{2E19B608-F6F2-4A23-BA72-48491CF03389}.Release|Any CPU.Build.0 = Release|Any CPU
		{93440385-D788-4E38-B238-A2CE578ABB67}.Debug|Any CPU.ActiveCfg = Debug|Any CPU
		{93440385-D788-4E38-B238-A2CE578ABB67}.Debug|Any CPU.Build.0 = Debug|Any CPU
		{93440385-D788-4E38-B238-A2CE578ABB67}.Release|Any CPU.ActiveCfg = Release|Any CPU
		{93440385-D788-4E38-B238-A2CE578ABB67}.Release|Any CPU.Build.0 = Release|Any CPU
	EndGlobalSection
	GlobalSection(SolutionProperties) = preSolution
		HideSolutionNode = FALSE
	EndGlobalSection
	GlobalSection(ExtensibilityGlobals) = postSolution
		SolutionGuid = {834BFF53-44D0-4210-BB69-E25BE26F8CD8}
	EndGlobalSection
EndGlobal
